// !$*UTF8*$!
{
	archiveVersion = 1;
	classes = {
	};
	objectVersion = 56;
	objects = {

/* Begin PBXBuildFile section */
		9BDFA2562C792917000563C6 /* Wallet_KeyboardApp.swift in Sources */ = {isa = PBXBuildFile; fileRef = 9BDFA2552C792917000563C6 /* Wallet_KeyboardApp.swift */; };
		9BDFA2582C792917000563C6 /* ContentView.swift in Sources */ = {isa = PBXBuildFile; fileRef = 9BDFA2572C792917000563C6 /* ContentView.swift */; };
		9BDFA25A2C792919000563C6 /* Assets.xcassets in Resources */ = {isa = PBXBuildFile; fileRef = 9BDFA2592C792919000563C6 /* Assets.xcassets */; };
		9BDFA25D2C792919000563C6 /* Preview Assets.xcassets in Resources */ = {isa = PBXBuildFile; fileRef = 9BDFA25C2C792919000563C6 /* Preview Assets.xcassets */; };
		9BDFA2672C792919000563C6 /* Wallet_KeyboardTests.swift in Sources */ = {isa = PBXBuildFile; fileRef = 9BDFA2662C792919000563C6 /* Wallet_KeyboardTests.swift */; };
		9BDFA2712C792919000563C6 /* Wallet_KeyboardUITests.swift in Sources */ = {isa = PBXBuildFile; fileRef = 9BDFA2702C792919000563C6 /* Wallet_KeyboardUITests.swift */; };
		9BDFA2732C792919000563C6 /* Wallet_KeyboardUITestsLaunchTests.swift in Sources */ = {isa = PBXBuildFile; fileRef = 9BDFA2722C792919000563C6 /* Wallet_KeyboardUITestsLaunchTests.swift */; };
		9BDFA2862C792992000563C6 /* KeyboardViewController.swift in Sources */ = {isa = PBXBuildFile; fileRef = 9BDFA2852C792992000563C6 /* KeyboardViewController.swift */; };
		9BDFA28A2C792992000563C6 /* AppleCrypto.appex in Embed Foundation Extensions */ = {isa = PBXBuildFile; fileRef = 9BDFA2832C792992000563C6 /* AppleCrypto.appex */; settings = {ATTRIBUTES = (RemoveHeadersOnCopy, ); }; };
/* End PBXBuildFile section */

/* Begin PBXContainerItemProxy section */
		9BDFA2632C792919000563C6 /* PBXContainerItemProxy */ = {
			isa = PBXContainerItemProxy;
			containerPortal = 9BDFA24A2C792917000563C6 /* Project object */;
			proxyType = 1;
			remoteGlobalIDString = 9BDFA2512C792917000563C6;
			remoteInfo = Wallet_Keyboard;
		};
		9BDFA26D2C792919000563C6 /* PBXContainerItemProxy */ = {
			isa = PBXContainerItemProxy;
			containerPortal = 9BDFA24A2C792917000563C6 /* Project object */;
			proxyType = 1;
			remoteGlobalIDString = 9BDFA2512C792917000563C6;
			remoteInfo = Wallet_Keyboard;
		};
		9BDFA2882C792992000563C6 /* PBXContainerItemProxy */ = {
			isa = PBXContainerItemProxy;
			containerPortal = 9BDFA24A2C792917000563C6 /* Project object */;
			proxyType = 1;
			remoteGlobalIDString = 9BDFA2822C792992000563C6;
			remoteInfo = Wallet_Keyboard_Extension;
		};
/* End PBXContainerItemProxy section */

/* Begin PBXCopyFilesBuildPhase section */
		9BDFA28E2C792992000563C6 /* Embed Foundation Extensions */ = {
			isa = PBXCopyFilesBuildPhase;
			buildActionMask = 2147483647;
			dstPath = "";
			dstSubfolderSpec = 13;
			files = (
				9BDFA28A2C792992000563C6 /* AppleCrypto.appex in Embed Foundation Extensions */,
			);
			name = "Embed Foundation Extensions";
			runOnlyForDeploymentPostprocessing = 0;
		};
/* End PBXCopyFilesBuildPhase section */

/* Begin PBXFileReference section */
		9BDFA2522C792917000563C6 /* Wallet_Keyboard.app */ = {isa = PBXFileReference; explicitFileType = wrapper.application; includeInIndex = 0; path = Wallet_Keyboard.app; sourceTree = BUILT_PRODUCTS_DIR; };
		9BDFA2552C792917000563C6 /* Wallet_KeyboardApp.swift */ = {isa = PBXFileReference; lastKnownFileType = sourcecode.swift; path = Wallet_KeyboardApp.swift; sourceTree = "<group>"; };
		9BDFA2572C792917000563C6 /* ContentView.swift */ = {isa = PBXFileReference; lastKnownFileType = sourcecode.swift; path = ContentView.swift; sourceTree = "<group>"; };
		9BDFA2592C792919000563C6 /* Assets.xcassets */ = {isa = PBXFileReference; lastKnownFileType = folder.assetcatalog; path = Assets.xcassets; sourceTree = "<group>"; };
		9BDFA25C2C792919000563C6 /* Preview Assets.xcassets */ = {isa = PBXFileReference; lastKnownFileType = folder.assetcatalog; path = "Preview Assets.xcassets"; sourceTree = "<group>"; };
		9BDFA2622C792919000563C6 /* Wallet_KeyboardTests.xctest */ = {isa = PBXFileReference; explicitFileType = wrapper.cfbundle; includeInIndex = 0; path = Wallet_KeyboardTests.xctest; sourceTree = BUILT_PRODUCTS_DIR; };
		9BDFA2662C792919000563C6 /* Wallet_KeyboardTests.swift */ = {isa = PBXFileReference; lastKnownFileType = sourcecode.swift; path = Wallet_KeyboardTests.swift; sourceTree = "<group>"; };
		9BDFA26C2C792919000563C6 /* Wallet_KeyboardUITests.xctest */ = {isa = PBXFileReference; explicitFileType = wrapper.cfbundle; includeInIndex = 0; path = Wallet_KeyboardUITests.xctest; sourceTree = BUILT_PRODUCTS_DIR; };
		9BDFA2702C792919000563C6 /* Wallet_KeyboardUITests.swift */ = {isa = PBXFileReference; lastKnownFileType = sourcecode.swift; path = Wallet_KeyboardUITests.swift; sourceTree = "<group>"; };
		9BDFA2722C792919000563C6 /* Wallet_KeyboardUITestsLaunchTests.swift */ = {isa = PBXFileReference; lastKnownFileType = sourcecode.swift; path = Wallet_KeyboardUITestsLaunchTests.swift; sourceTree = "<group>"; };
		9BDFA2832C792992000563C6 /* AppleCrypto.appex */ = {isa = PBXFileReference; explicitFileType = "wrapper.app-extension"; includeInIndex = 0; path = AppleCrypto.appex; sourceTree = BUILT_PRODUCTS_DIR; };
		9BDFA2852C792992000563C6 /* KeyboardViewController.swift */ = {isa = PBXFileReference; lastKnownFileType = sourcecode.swift; path = KeyboardViewController.swift; sourceTree = "<group>"; };
		9BDFA2872C792992000563C6 /* Info.plist */ = {isa = PBXFileReference; lastKnownFileType = text.plist.xml; path = Info.plist; sourceTree = "<group>"; };
/* End PBXFileReference section */

/* Begin PBXFrameworksBuildPhase section */
		9BDFA24F2C792917000563C6 /* Frameworks */ = {
			isa = PBXFrameworksBuildPhase;
			buildActionMask = 2147483647;
			files = (
			);
			runOnlyForDeploymentPostprocessing = 0;
		};
		9BDFA25F2C792919000563C6 /* Frameworks */ = {
			isa = PBXFrameworksBuildPhase;
			buildActionMask = 2147483647;
			files = (
			);
			runOnlyForDeploymentPostprocessing = 0;
		};
		9BDFA2692C792919000563C6 /* Frameworks */ = {
			isa = PBXFrameworksBuildPhase;
			buildActionMask = 2147483647;
			files = (
			);
			runOnlyForDeploymentPostprocessing = 0;
		};
		9BDFA2802C792992000563C6 /* Frameworks */ = {
			isa = PBXFrameworksBuildPhase;
			buildActionMask = 2147483647;
			files = (
			);
			runOnlyForDeploymentPostprocessing = 0;
		};
/* End PBXFrameworksBuildPhase section */

/* Begin PBXGroup section */
		9BDFA2492C792917000563C6 = {
			isa = PBXGroup;
			children = (
				9BDFA2542C792917000563C6 /* Wallet_Keyboard */,
				9BDFA2652C792919000563C6 /* Wallet_KeyboardTests */,
				9BDFA26F2C792919000563C6 /* Wallet_KeyboardUITests */,
				9BDFA2842C792992000563C6 /* Wallet_Keyboard_Extension */,
				9BDFA2532C792917000563C6 /* Products */,
			);
			sourceTree = "<group>";
		};
		9BDFA2532C792917000563C6 /* Products */ = {
			isa = PBXGroup;
			children = (
				9BDFA2522C792917000563C6 /* Wallet_Keyboard.app */,
				9BDFA2622C792919000563C6 /* Wallet_KeyboardTests.xctest */,
				9BDFA26C2C792919000563C6 /* Wallet_KeyboardUITests.xctest */,
				9BDFA2832C792992000563C6 /* AppleCrypto.appex */,
			);
			name = Products;
			sourceTree = "<group>";
		};
		9BDFA2542C792917000563C6 /* Wallet_Keyboard */ = {
			isa = PBXGroup;
			children = (
				9BDFA2552C792917000563C6 /* Wallet_KeyboardApp.swift */,
				9BDFA2572C792917000563C6 /* ContentView.swift */,
				9BDFA2592C792919000563C6 /* Assets.xcassets */,
				9BDFA25B2C792919000563C6 /* Preview Content */,
			);
			path = Wallet_Keyboard;
			sourceTree = "<group>";
		};
		9BDFA25B2C792919000563C6 /* Preview Content */ = {
			isa = PBXGroup;
			children = (
				9BDFA25C2C792919000563C6 /* Preview Assets.xcassets */,
			);
			path = "Preview Content";
			sourceTree = "<group>";
		};
		9BDFA2652C792919000563C6 /* Wallet_KeyboardTests */ = {
			isa = PBXGroup;
			children = (
				9BDFA2662C792919000563C6 /* Wallet_KeyboardTests.swift */,
			);
			path = Wallet_KeyboardTests;
			sourceTree = "<group>";
		};
		9BDFA26F2C792919000563C6 /* Wallet_KeyboardUITests */ = {
			isa = PBXGroup;
			children = (
				9BDFA2702C792919000563C6 /* Wallet_KeyboardUITests.swift */,
				9BDFA2722C792919000563C6 /* Wallet_KeyboardUITestsLaunchTests.swift */,
			);
			path = Wallet_KeyboardUITests;
			sourceTree = "<group>";
		};
		9BDFA2842C792992000563C6 /* Wallet_Keyboard_Extension */ = {
			isa = PBXGroup;
			children = (
				9BDFA2852C792992000563C6 /* KeyboardViewController.swift */,
				9BDFA2872C792992000563C6 /* Info.plist */,
			);
			path = Wallet_Keyboard_Extension;
			sourceTree = "<group>";
		};
/* End PBXGroup section */

/* Begin PBXNativeTarget section */
		9BDFA2512C792917000563C6 /* Wallet_Keyboard */ = {
			isa = PBXNativeTarget;
			buildConfigurationList = 9BDFA2762C792919000563C6 /* Build configuration list for PBXNativeTarget "Wallet_Keyboard" */;
			buildPhases = (
				9BDFA24E2C792917000563C6 /* Sources */,
				9BDFA24F2C792917000563C6 /* Frameworks */,
				9BDFA2502C792917000563C6 /* Resources */,
				9BDFA28E2C792992000563C6 /* Embed Foundation Extensions */,
			);
			buildRules = (
			);
			dependencies = (
				9BDFA2892C792992000563C6 /* PBXTargetDependency */,
			);
			name = Wallet_Keyboard;
			productName = Wallet_Keyboard;
			productReference = 9BDFA2522C792917000563C6 /* Wallet_Keyboard.app */;
			productType = "com.apple.product-type.application";
		};
		9BDFA2612C792919000563C6 /* Wallet_KeyboardTests */ = {
			isa = PBXNativeTarget;
			buildConfigurationList = 9BDFA2792C792919000563C6 /* Build configuration list for PBXNativeTarget "Wallet_KeyboardTests" */;
			buildPhases = (
				9BDFA25E2C792919000563C6 /* Sources */,
				9BDFA25F2C792919000563C6 /* Frameworks */,
				9BDFA2602C792919000563C6 /* Resources */,
			);
			buildRules = (
			);
			dependencies = (
				9BDFA2642C792919000563C6 /* PBXTargetDependency */,
			);
			name = Wallet_KeyboardTests;
			productName = Wallet_KeyboardTests;
			productReference = 9BDFA2622C792919000563C6 /* Wallet_KeyboardTests.xctest */;
			productType = "com.apple.product-type.bundle.unit-test";
		};
		9BDFA26B2C792919000563C6 /* Wallet_KeyboardUITests */ = {
			isa = PBXNativeTarget;
			buildConfigurationList = 9BDFA27C2C792919000563C6 /* Build configuration list for PBXNativeTarget "Wallet_KeyboardUITests" */;
			buildPhases = (
				9BDFA2682C792919000563C6 /* Sources */,
				9BDFA2692C792919000563C6 /* Frameworks */,
				9BDFA26A2C792919000563C6 /* Resources */,
			);
			buildRules = (
			);
			dependencies = (
				9BDFA26E2C792919000563C6 /* PBXTargetDependency */,
			);
			name = Wallet_KeyboardUITests;
			productName = Wallet_KeyboardUITests;
			productReference = 9BDFA26C2C792919000563C6 /* Wallet_KeyboardUITests.xctest */;
			productType = "com.apple.product-type.bundle.ui-testing";
		};
		9BDFA2822C792992000563C6 /* Wallet_Keyboard_Extension */ = {
			isa = PBXNativeTarget;
			buildConfigurationList = 9BDFA28B2C792992000563C6 /* Build configuration list for PBXNativeTarget "Wallet_Keyboard_Extension" */;
			buildPhases = (
				9BDFA27F2C792992000563C6 /* Sources */,
				9BDFA2802C792992000563C6 /* Frameworks */,
				9BDFA2812C792992000563C6 /* Resources */,
			);
			buildRules = (
			);
			dependencies = (
			);
			name = Wallet_Keyboard_Extension;
			productName = Wallet_Keyboard_Extension;
			productReference = 9BDFA2832C792992000563C6 /* AppleCrypto.appex */;
			productType = "com.apple.product-type.app-extension";
		};
/* End PBXNativeTarget section */

/* Begin PBXProject section */
		9BDFA24A2C792917000563C6 /* Project object */ = {
			isa = PBXProject;
			attributes = {
				BuildIndependentTargetsInParallel = 1;
				LastSwiftUpdateCheck = 1540;
				LastUpgradeCheck = 1540;
				TargetAttributes = {
					9BDFA2512C792917000563C6 = {
						CreatedOnToolsVersion = 15.4;
					};
					9BDFA2612C792919000563C6 = {
						CreatedOnToolsVersion = 15.4;
						TestTargetID = 9BDFA2512C792917000563C6;
					};
					9BDFA26B2C792919000563C6 = {
						CreatedOnToolsVersion = 15.4;
						TestTargetID = 9BDFA2512C792917000563C6;
					};
					9BDFA2822C792992000563C6 = {
						CreatedOnToolsVersion = 15.4;
					};
				};
			};
			buildConfigurationList = 9BDFA24D2C792917000563C6 /* Build configuration list for PBXProject "Wallet_Keyboard" */;
			compatibilityVersion = "Xcode 14.0";
			developmentRegion = en;
			hasScannedForEncodings = 0;
			knownRegions = (
				en,
				Base,
			);
			mainGroup = 9BDFA2492C792917000563C6;
			productRefGroup = 9BDFA2532C792917000563C6 /* Products */;
			projectDirPath = "";
			projectRoot = "";
			targets = (
				9BDFA2512C792917000563C6 /* Wallet_Keyboard */,
				9BDFA2612C792919000563C6 /* Wallet_KeyboardTests */,
				9BDFA26B2C792919000563C6 /* Wallet_KeyboardUITests */,
				9BDFA2822C792992000563C6 /* Wallet_Keyboard_Extension */,
			);
		};
/* End PBXProject section */

/* Begin PBXResourcesBuildPhase section */
		9BDFA2502C792917000563C6 /* Resources */ = {
			isa = PBXResourcesBuildPhase;
			buildActionMask = 2147483647;
			files = (
				9BDFA25D2C792919000563C6 /* Preview Assets.xcassets in Resources */,
				9BDFA25A2C792919000563C6 /* Assets.xcassets in Resources */,
			);
			runOnlyForDeploymentPostprocessing = 0;
		};
		9BDFA2602C792919000563C6 /* Resources */ = {
			isa = PBXResourcesBuildPhase;
			buildActionMask = 2147483647;
			files = (
			);
			runOnlyForDeploymentPostprocessing = 0;
		};
		9BDFA26A2C792919000563C6 /* Resources */ = {
			isa = PBXResourcesBuildPhase;
			buildActionMask = 2147483647;
			files = (
			);
			runOnlyForDeploymentPostprocessing = 0;
		};
		9BDFA2812C792992000563C6 /* Resources */ = {
			isa = PBXResourcesBuildPhase;
			buildActionMask = 2147483647;
			files = (
			);
			runOnlyForDeploymentPostprocessing = 0;
		};
/* End PBXResourcesBuildPhase section */

/* Begin PBXSourcesBuildPhase section */
		9BDFA24E2C792917000563C6 /* Sources */ = {
			isa = PBXSourcesBuildPhase;
			buildActionMask = 2147483647;
			files = (
				9BDFA2582C792917000563C6 /* ContentView.swift in Sources */,
				9BDFA2562C792917000563C6 /* Wallet_KeyboardApp.swift in Sources */,
			);
			runOnlyForDeploymentPostprocessing = 0;
		};
		9BDFA25E2C792919000563C6 /* Sources */ = {
			isa = PBXSourcesBuildPhase;
			buildActionMask = 2147483647;
			files = (
				9BDFA2672C792919000563C6 /* Wallet_KeyboardTests.swift in Sources */,
			);
			runOnlyForDeploymentPostprocessing = 0;
		};
		9BDFA2682C792919000563C6 /* Sources */ = {
			isa = PBXSourcesBuildPhase;
			buildActionMask = 2147483647;
			files = (
				9BDFA2732C792919000563C6 /* Wallet_KeyboardUITestsLaunchTests.swift in Sources */,
				9BDFA2712C792919000563C6 /* Wallet_KeyboardUITests.swift in Sources */,
			);
			runOnlyForDeploymentPostprocessing = 0;
		};
		9BDFA27F2C792992000563C6 /* Sources */ = {
			isa = PBXSourcesBuildPhase;
			buildActionMask = 2147483647;
			files = (
				9BDFA2862C792992000563C6 /* KeyboardViewController.swift in Sources */,
			);
			runOnlyForDeploymentPostprocessing = 0;
		};
/* End PBXSourcesBuildPhase section */

/* Begin PBXTargetDependency section */
		9BDFA2642C792919000563C6 /* PBXTargetDependency */ = {
			isa = PBXTargetDependency;
			target = 9BDFA2512C792917000563C6 /* Wallet_Keyboard */;
			targetProxy = 9BDFA2632C792919000563C6 /* PBXContainerItemProxy */;
		};
		9BDFA26E2C792919000563C6 /* PBXTargetDependency */ = {
			isa = PBXTargetDependency;
			target = 9BDFA2512C792917000563C6 /* Wallet_Keyboard */;
			targetProxy = 9BDFA26D2C792919000563C6 /* PBXContainerItemProxy */;
		};
		9BDFA2892C792992000563C6 /* PBXTargetDependency */ = {
			isa = PBXTargetDependency;
			target = 9BDFA2822C792992000563C6 /* Wallet_Keyboard_Extension */;
			targetProxy = 9BDFA2882C792992000563C6 /* PBXContainerItemProxy */;
		};
/* End PBXTargetDependency section */

/* Begin XCBuildConfiguration section */
		9BDFA2742C792919000563C6 /* Debug */ = {
			isa = XCBuildConfiguration;
			buildSettings = {
				ALWAYS_SEARCH_USER_PATHS = NO;
				ASSETCATALOG_COMPILER_GENERATE_SWIFT_ASSET_SYMBOL_EXTENSIONS = YES;
				CLANG_ANALYZER_NONNULL = YES;
				CLANG_ANALYZER_NUMBER_OBJECT_CONVERSION = YES_AGGRESSIVE;
				CLANG_CXX_LANGUAGE_STANDARD = "gnu++20";
				CLANG_ENABLE_MODULES = YES;
				CLANG_ENABLE_OBJC_ARC = YES;
				CLANG_ENABLE_OBJC_WEAK = YES;
				CLANG_WARN_BLOCK_CAPTURE_AUTORELEASING = YES;
				CLANG_WARN_BOOL_CONVERSION = YES;
				CLANG_WARN_COMMA = YES;
				CLANG_WARN_CONSTANT_CONVERSION = YES;
				CLANG_WARN_DEPRECATED_OBJC_IMPLEMENTATIONS = YES;
				CLANG_WARN_DIRECT_OBJC_ISA_USAGE = YES_ERROR;
				CLANG_WARN_DOCUMENTATION_COMMENTS = YES;
				CLANG_WARN_EMPTY_BODY = YES;
				CLANG_WARN_ENUM_CONVERSION = YES;
				CLANG_WARN_INFINITE_RECURSION = YES;
				CLANG_WARN_INT_CONVERSION = YES;
				CLANG_WARN_NON_LITERAL_NULL_CONVERSION = YES;
				CLANG_WARN_OBJC_IMPLICIT_RETAIN_SELF = YES;
				CLANG_WARN_OBJC_LITERAL_CONVERSION = YES;
				CLANG_WARN_OBJC_ROOT_CLASS = YES_ERROR;
				CLANG_WARN_QUOTED_INCLUDE_IN_FRAMEWORK_HEADER = YES;
				CLANG_WARN_RANGE_LOOP_ANALYSIS = YES;
				CLANG_WARN_STRICT_PROTOTYPES = YES;
				CLANG_WARN_SUSPICIOUS_MOVE = YES;
				CLANG_WARN_UNGUARDED_AVAILABILITY = YES_AGGRESSIVE;
				CLANG_WARN_UNREACHABLE_CODE = YES;
				CLANG_WARN__DUPLICATE_METHOD_MATCH = YES;
				COPY_PHASE_STRIP = NO;
				DEBUG_INFORMATION_FORMAT = dwarf;
				ENABLE_STRICT_OBJC_MSGSEND = YES;
				ENABLE_TESTABILITY = YES;
				ENABLE_USER_SCRIPT_SANDBOXING = YES;
				GCC_C_LANGUAGE_STANDARD = gnu17;
				GCC_DYNAMIC_NO_PIC = NO;
				GCC_NO_COMMON_BLOCKS = YES;
				GCC_OPTIMIZATION_LEVEL = 0;
				GCC_PREPROCESSOR_DEFINITIONS = (
					"DEBUG=1",
					"$(inherited)",
				);
				GCC_WARN_64_TO_32_BIT_CONVERSION = YES;
				GCC_WARN_ABOUT_RETURN_TYPE = YES_ERROR;
				GCC_WARN_UNDECLARED_SELECTOR = YES;
				GCC_WARN_UNINITIALIZED_AUTOS = YES_AGGRESSIVE;
				GCC_WARN_UNUSED_FUNCTION = YES;
				GCC_WARN_UNUSED_VARIABLE = YES;
				IPHONEOS_DEPLOYMENT_TARGET = 17.5;
				LOCALIZATION_PREFERS_STRING_CATALOGS = YES;
				MTL_ENABLE_DEBUG_INFO = INCLUDE_SOURCE;
				MTL_FAST_MATH = YES;
				ONLY_ACTIVE_ARCH = YES;
				SDKROOT = iphoneos;
				SWIFT_ACTIVE_COMPILATION_CONDITIONS = "DEBUG $(inherited)";
				SWIFT_OPTIMIZATION_LEVEL = "-Onone";
			};
			name = Debug;
		};
		9BDFA2752C792919000563C6 /* Release */ = {
			isa = XCBuildConfiguration;
			buildSettings = {
				ALWAYS_SEARCH_USER_PATHS = NO;
				ASSETCATALOG_COMPILER_GENERATE_SWIFT_ASSET_SYMBOL_EXTENSIONS = YES;
				CLANG_ANALYZER_NONNULL = YES;
				CLANG_ANALYZER_NUMBER_OBJECT_CONVERSION = YES_AGGRESSIVE;
				CLANG_CXX_LANGUAGE_STANDARD = "gnu++20";
				CLANG_ENABLE_MODULES = YES;
				CLANG_ENABLE_OBJC_ARC = YES;
				CLANG_ENABLE_OBJC_WEAK = YES;
				CLANG_WARN_BLOCK_CAPTURE_AUTORELEASING = YES;
				CLANG_WARN_BOOL_CONVERSION = YES;
				CLANG_WARN_COMMA = YES;
				CLANG_WARN_CONSTANT_CONVERSION = YES;
				CLANG_WARN_DEPRECATED_OBJC_IMPLEMENTATIONS = YES;
				CLANG_WARN_DIRECT_OBJC_ISA_USAGE = YES_ERROR;
				CLANG_WARN_DOCUMENTATION_COMMENTS = YES;
				CLANG_WARN_EMPTY_BODY = YES;
				CLANG_WARN_ENUM_CONVERSION = YES;
				CLANG_WARN_INFINITE_RECURSION = YES;
				CLANG_WARN_INT_CONVERSION = YES;
				CLANG_WARN_NON_LITERAL_NULL_CONVERSION = YES;
				CLANG_WARN_OBJC_IMPLICIT_RETAIN_SELF = YES;
				CLANG_WARN_OBJC_LITERAL_CONVERSION = YES;
				CLANG_WARN_OBJC_ROOT_CLASS = YES_ERROR;
				CLANG_WARN_QUOTED_INCLUDE_IN_FRAMEWORK_HEADER = YES;
				CLANG_WARN_RANGE_LOOP_ANALYSIS = YES;
				CLANG_WARN_STRICT_PROTOTYPES = YES;
				CLANG_WARN_SUSPICIOUS_MOVE = YES;
				CLANG_WARN_UNGUARDED_AVAILABILITY = YES_AGGRESSIVE;
				CLANG_WARN_UNREACHABLE_CODE = YES;
				CLANG_WARN__DUPLICATE_METHOD_MATCH = YES;
				COPY_PHASE_STRIP = NO;
				DEBUG_INFORMATION_FORMAT = "dwarf-with-dsym";
				ENABLE_NS_ASSERTIONS = NO;
				ENABLE_STRICT_OBJC_MSGSEND = YES;
				ENABLE_USER_SCRIPT_SANDBOXING = YES;
				GCC_C_LANGUAGE_STANDARD = gnu17;
				GCC_NO_COMMON_BLOCKS = YES;
				GCC_WARN_64_TO_32_BIT_CONVERSION = YES;
				GCC_WARN_ABOUT_RETURN_TYPE = YES_ERROR;
				GCC_WARN_UNDECLARED_SELECTOR = YES;
				GCC_WARN_UNINITIALIZED_AUTOS = YES_AGGRESSIVE;
				GCC_WARN_UNUSED_FUNCTION = YES;
				GCC_WARN_UNUSED_VARIABLE = YES;
				IPHONEOS_DEPLOYMENT_TARGET = 17.5;
				LOCALIZATION_PREFERS_STRING_CATALOGS = YES;
				MTL_ENABLE_DEBUG_INFO = NO;
				MTL_FAST_MATH = YES;
				SDKROOT = iphoneos;
				SWIFT_COMPILATION_MODE = wholemodule;
				VALIDATE_PRODUCT = YES;
			};
			name = Release;
		};
		9BDFA2772C792919000563C6 /* Debug */ = {
			isa = XCBuildConfiguration;
			buildSettings = {
				ALWAYS_EMBED_SWIFT_STANDARD_LIBRARIES = YES;
				ASSETCATALOG_COMPILER_APPICON_NAME = AppIcon;
				ASSETCATALOG_COMPILER_GLOBAL_ACCENT_COLOR_NAME = AccentColor;
				CODE_SIGN_STYLE = Automatic;
				CURRENT_PROJECT_VERSION = 1;
				DEVELOPMENT_ASSET_PATHS = "\"Wallet_Keyboard/Preview Content\"";
				DEVELOPMENT_TEAM = W936BTJL69;
				ENABLE_PREVIEWS = YES;
				GENERATE_INFOPLIST_FILE = YES;
				INFOPLIST_KEY_UIApplicationSceneManifest_Generation = YES;
				INFOPLIST_KEY_UIApplicationSupportsIndirectInputEvents = YES;
				INFOPLIST_KEY_UILaunchScreen_Generation = YES;
				INFOPLIST_KEY_UISupportedInterfaceOrientations_iPad = "UIInterfaceOrientationPortrait UIInterfaceOrientationPortraitUpsideDown UIInterfaceOrientationLandscapeLeft UIInterfaceOrientationLandscapeRight";
				INFOPLIST_KEY_UISupportedInterfaceOrientations_iPhone = "UIInterfaceOrientationPortrait UIInterfaceOrientationLandscapeLeft UIInterfaceOrientationLandscapeRight";
				LD_RUNPATH_SEARCH_PATHS = (
					"$(inherited)",
					"@executable_path/Frameworks",
				);
				MARKETING_VERSION = 1.0;
				PRODUCT_BUNDLE_IDENTIFIER = "gianluca.Wallet-Keyboard";
				PRODUCT_NAME = "$(TARGET_NAME)";
				SWIFT_EMIT_LOC_STRINGS = YES;
				SWIFT_VERSION = 5.0;
				TARGETED_DEVICE_FAMILY = "1,2";
			};
			name = Debug;
		};
		9BDFA2782C792919000563C6 /* Release */ = {
			isa = XCBuildConfiguration;
			buildSettings = {
				ALWAYS_EMBED_SWIFT_STANDARD_LIBRARIES = YES;
				ASSETCATALOG_COMPILER_APPICON_NAME = AppIcon;
				ASSETCATALOG_COMPILER_GLOBAL_ACCENT_COLOR_NAME = AccentColor;
				CODE_SIGN_STYLE = Automatic;
				CURRENT_PROJECT_VERSION = 1;
				DEVELOPMENT_ASSET_PATHS = "\"Wallet_Keyboard/Preview Content\"";
				DEVELOPMENT_TEAM = W936BTJL69;
				ENABLE_PREVIEWS = YES;
				GENERATE_INFOPLIST_FILE = YES;
				INFOPLIST_KEY_UIApplicationSceneManifest_Generation = YES;
				INFOPLIST_KEY_UIApplicationSupportsIndirectInputEvents = YES;
				INFOPLIST_KEY_UILaunchScreen_Generation = YES;
				INFOPLIST_KEY_UISupportedInterfaceOrientations_iPad = "UIInterfaceOrientationPortrait UIInterfaceOrientationPortraitUpsideDown UIInterfaceOrientationLandscapeLeft UIInterfaceOrientationLandscapeRight";
				INFOPLIST_KEY_UISupportedInterfaceOrientations_iPhone = "UIInterfaceOrientationPortrait UIInterfaceOrientationLandscapeLeft UIInterfaceOrientationLandscapeRight";
				LD_RUNPATH_SEARCH_PATHS = (
					"$(inherited)",
					"@executable_path/Frameworks",
				);
				MARKETING_VERSION = 1.0;
				PRODUCT_BUNDLE_IDENTIFIER = "gianluca.Wallet-Keyboard";
				PRODUCT_NAME = "$(TARGET_NAME)";
				SWIFT_EMIT_LOC_STRINGS = YES;
				SWIFT_VERSION = 5.0;
				TARGETED_DEVICE_FAMILY = "1,2";
			};
			name = Release;
		};
		9BDFA27A2C792919000563C6 /* Debug */ = {
			isa = XCBuildConfiguration;
			buildSettings = {
				ALWAYS_EMBED_SWIFT_STANDARD_LIBRARIES = YES;
				BUNDLE_LOADER = "$(TEST_HOST)";
				CODE_SIGN_STYLE = Automatic;
				CURRENT_PROJECT_VERSION = 1;
				GENERATE_INFOPLIST_FILE = YES;
				IPHONEOS_DEPLOYMENT_TARGET = 17.5;
				MARKETING_VERSION = 1.0;
				PRODUCT_BUNDLE_IDENTIFIER = "gianluca.Wallet-KeyboardTests";
				PRODUCT_NAME = "$(TARGET_NAME)";
				SWIFT_EMIT_LOC_STRINGS = NO;
				SWIFT_VERSION = 5.0;
				TARGETED_DEVICE_FAMILY = "1,2";
				TEST_HOST = "$(BUILT_PRODUCTS_DIR)/Wallet_Keyboard.app/$(BUNDLE_EXECUTABLE_FOLDER_PATH)/Wallet_Keyboard";
			};
			name = Debug;
		};
		9BDFA27B2C792919000563C6 /* Release */ = {
			isa = XCBuildConfiguration;
			buildSettings = {
				ALWAYS_EMBED_SWIFT_STANDARD_LIBRARIES = YES;
				BUNDLE_LOADER = "$(TEST_HOST)";
				CODE_SIGN_STYLE = Automatic;
				CURRENT_PROJECT_VERSION = 1;
				GENERATE_INFOPLIST_FILE = YES;
				IPHONEOS_DEPLOYMENT_TARGET = 17.5;
				MARKETING_VERSION = 1.0;
				PRODUCT_BUNDLE_IDENTIFIER = "gianluca.Wallet-KeyboardTests";
				PRODUCT_NAME = "$(TARGET_NAME)";
				SWIFT_EMIT_LOC_STRINGS = NO;
				SWIFT_VERSION = 5.0;
				TARGETED_DEVICE_FAMILY = "1,2";
				TEST_HOST = "$(BUILT_PRODUCTS_DIR)/Wallet_Keyboard.app/$(BUNDLE_EXECUTABLE_FOLDER_PATH)/Wallet_Keyboard";
			};
			name = Release;
		};
		9BDFA27D2C792919000563C6 /* Debug */ = {
			isa = XCBuildConfiguration;
			buildSettings = {
				ALWAYS_EMBED_SWIFT_STANDARD_LIBRARIES = YES;
				CODE_SIGN_STYLE = Automatic;
				CURRENT_PROJECT_VERSION = 1;
				GENERATE_INFOPLIST_FILE = YES;
				MARKETING_VERSION = 1.0;
				PRODUCT_BUNDLE_IDENTIFIER = "gianluca.Wallet-KeyboardUITests";
				PRODUCT_NAME = "$(TARGET_NAME)";
				SWIFT_EMIT_LOC_STRINGS = NO;
				SWIFT_VERSION = 5.0;
				TARGETED_DEVICE_FAMILY = "1,2";
				TEST_TARGET_NAME = Wallet_Keyboard;
			};
			name = Debug;
		};
		9BDFA27E2C792919000563C6 /* Release */ = {
			isa = XCBuildConfiguration;
			buildSettings = {
				ALWAYS_EMBED_SWIFT_STANDARD_LIBRARIES = YES;
				CODE_SIGN_STYLE = Automatic;
				CURRENT_PROJECT_VERSION = 1;
				GENERATE_INFOPLIST_FILE = YES;
				MARKETING_VERSION = 1.0;
				PRODUCT_BUNDLE_IDENTIFIER = "gianluca.Wallet-KeyboardUITests";
				PRODUCT_NAME = "$(TARGET_NAME)";
				SWIFT_EMIT_LOC_STRINGS = NO;
				SWIFT_VERSION = 5.0;
				TARGETED_DEVICE_FAMILY = "1,2";
				TEST_TARGET_NAME = Wallet_Keyboard;
			};
			name = Release;
		};
		9BDFA28C2C792992000563C6 /* Debug */ = {
			isa = XCBuildConfiguration;
			buildSettings = {
				CODE_SIGN_STYLE = Automatic;
				CURRENT_PROJECT_VERSION = 1;
				DEVELOPMENT_TEAM = W936BTJL69;
				GENERATE_INFOPLIST_FILE = YES;
				INFOPLIST_FILE = Wallet_Keyboard_Extension/Info.plist;
				INFOPLIST_KEY_CFBundleDisplayName = AppleCrypto;
				INFOPLIST_KEY_NSHumanReadableCopyright = "";
				LD_RUNPATH_SEARCH_PATHS = (
					"$(inherited)",
					"@executable_path/Frameworks",
					"@executable_path/../../Frameworks",
				);
				MARKETING_VERSION = 1.0;
				PRODUCT_BUNDLE_IDENTIFIER = "gianluca.Wallet-Keyboard.Wallet-Keyboard-Extension";
				PRODUCT_NAME = AppleCrypto;
				SKIP_INSTALL = YES;
				SWIFT_EMIT_LOC_STRINGS = YES;
				SWIFT_VERSION = 5.0;
				TARGETED_DEVICE_FAMILY = "1,2";
			};
			name = Debug;
		};
		9BDFA28D2C792992000563C6 /* Release */ = {
			isa = XCBuildConfiguration;
			buildSettings = {
				CODE_SIGN_STYLE = Automatic;
				CURRENT_PROJECT_VERSION = 1;
				DEVELOPMENT_TEAM = W936BTJL69;
				GENERATE_INFOPLIST_FILE = YES;
				INFOPLIST_FILE = Wallet_Keyboard_Extension/Info.plist;
				INFOPLIST_KEY_CFBundleDisplayName = AppleCrypto;
				INFOPLIST_KEY_NSHumanReadableCopyright = "";
				LD_RUNPATH_SEARCH_PATHS = (
					"$(inherited)",
					"@executable_path/Frameworks",
					"@executable_path/../../Frameworks",
				);
				MARKETING_VERSION = 1.0;
				PRODUCT_BUNDLE_IDENTIFIER = "gianluca.Wallet-Keyboard.Wallet-Keyboard-Extension";
				PRODUCT_NAME = AppleCrypto;
				SKIP_INSTALL = YES;
				SWIFT_EMIT_LOC_STRINGS = YES;
				SWIFT_VERSION = 5.0;
				TARGETED_DEVICE_FAMILY = "1,2";
			};
			name = Release;
		};
/* End XCBuildConfiguration section */

/* Begin XCConfigurationList section */
		9BDFA24D2C792917000563C6 /* Build configuration list for PBXProject "Wallet_Keyboard" */ = {
			isa = XCConfigurationList;
			buildConfigurations = (
				9BDFA2742C792919000563C6 /* Debug */,
				9BDFA2752C792919000563C6 /* Release */,
			);
			defaultConfigurationIsVisible = 0;
			defaultConfigurationName = Release;
		};
		9BDFA2762C792919000563C6 /* Build configuration list for PBXNativeTarget "Wallet_Keyboard" */ = {
			isa = XCConfigurationList;
			buildConfigurations = (
				9BDFA2772C792919000563C6 /* Debug */,
				9BDFA2782C792919000563C6 /* Release */,
			);
			defaultConfigurationIsVisible = 0;
			defaultConfigurationName = Release;
		};
		9BDFA2792C792919000563C6 /* Build configuration list for PBXNativeTarget "Wallet_KeyboardTests" */ = {
			isa = XCConfigurationList;
			buildConfigurations = (
				9BDFA27A2C792919000563C6 /* Debug */,
				9BDFA27B2C792919000563C6 /* Release */,
			);
			defaultConfigurationIsVisible = 0;
			defaultConfigurationName = Release;
		};
		9BDFA27C2C792919000563C6 /* Build configuration list for PBXNativeTarget "Wallet_KeyboardUITests" */ = {
			isa = XCConfigurationList;
			buildConfigurations = (
				9BDFA27D2C792919000563C6 /* Debug */,
				9BDFA27E2C792919000563C6 /* Release */,
			);
			defaultConfigurationIsVisible = 0;
			defaultConfigurationName = Release;
		};
		9BDFA28B2C792992000563C6 /* Build configuration list for PBXNativeTarget "Wallet_Keyboard_Extension" */ = {
			isa = XCConfigurationList;
			buildConfigurations = (
				9BDFA28C2C792992000563C6 /* Debug */,
				9BDFA28D2C792992000563C6 /* Release */,
			);
			defaultConfigurationIsVisible = 0;
			defaultConfigurationName = Release;
		};
/* End XCConfigurationList section */
	};
	rootObject = 9BDFA24A2C792917000563C6 /* Project object */;
}
